# THIS IS AN AUTOGENERATED FILE. DO NOT EDIT THIS FILE DIRECTLY.
# yarn lockfile v1


async@0.9.0:
  version "0.9.0"
  resolved "http://registry.npm.taobao.org/async/download/async-0.9.0.tgz#ac3613b1da9bed1b47510bb4651b8931e47146c7"

bindings@^1.2.1:
  version "1.2.1"
  resolved "http://registry.npm.taobao.org/bindings/download/bindings-1.2.1.tgz#14ad6113812d2d37d72e67b4cacb4bb726505f11"

bluebird@2.9.9:
  version "2.9.9"
  resolved "http://registry.npm.taobao.org/bluebird/download/bluebird-2.9.9.tgz#61a26904d43d7f6b19dff7ed917dbc92452ad6d3"

bson-ext@~0.1:
  version "0.1.13"
  resolved "http://registry.npm.taobao.org/bson-ext/download/bson-ext-0.1.13.tgz#4a48d3091a21e7d5b4e59bbbb54b91279677f8b3"
  dependencies:
    bindings "^1.2.1"
    nan "~2.0.9"

bson@~0.3:
  version "0.3.2"
  resolved "http://registry.npm.taobao.org/bson/download/bson-0.3.2.tgz#56753c5e8d86d0f45744b93a9693e4f60a8bbd6c"
  optionalDependencies:
    bson-ext "~0.1"

core-util-is@~1.0.0:
  version "1.0.2"
  resolved "http://registry.npm.taobao.org/core-util-is/download/core-util-is-1.0.2.tgz#b5fd54220aa2bc5ab57aab7140c940754503c1a7"

debug@0.7.4:
  version "0.7.4"
  resolved "http://registry.npm.taobao.org/debug/download/debug-0.7.4.tgz#06e1ea8082c2cb14e39806e22e2f6f757f92af39"

hooks-fixed@1.0.1:
  version "1.0.1"
  resolved "http://registry.npm.taobao.org/hooks-fixed/download/hooks-fixed-1.0.1.tgz#f1f6694a62317fb36c11ffb067708a15947e6f9e"

inherits@~2.0.1:
  version "2.0.3"
  resolved "http://registry.npm.taobao.org/inherits/download/inherits-2.0.3.tgz#633c2c83e3da42a502f52466022480f4208261de"

isarray@0.0.1:
  version "0.0.1"
  resolved "http://registry.npm.taobao.org/isarray/download/isarray-0.0.1.tgz#8a18acfca9a8f4177e09abfc6038939b05d1eedf"

kareem@1.0.1:
  version "1.0.1"
  resolved "http://registry.npm.taobao.org/kareem/download/kareem-1.0.1.tgz#7805d215bb53214ec3af969a1d0b1f17e3e7b95c"

kerberos@~0.0:
  version "0.0.22"
  resolved "http://registry.npm.taobao.org/kerberos/download/kerberos-0.0.22.tgz#d084b7f909c2393c464917557aa5a85e834fdfce"
  dependencies:
    nan "~2.4"

mongodb-core@1.1.26:
  version "1.1.26"
  resolved "http://registry.npm.taobao.org/mongodb-core/download/mongodb-core-1.1.26.tgz#7d42652ecd38b845ebb7e1adb7514af074d54dc2"
  dependencies:
    bson "~0.3"
  optionalDependencies:
    kerberos "~0.0"

mongodb@2.0.30:
  version "2.0.30"
  resolved "http://registry.npm.taobao.org/mongodb/download/mongodb-2.0.30.tgz#206dd438ecf49db5d8a719e890b296863ec9c281"
  dependencies:
    mongodb-core "1.1.26"
    readable-stream "1.0.31"

mongoose@4.0.3:
  version "4.0.3"
  resolved "http://registry.npm.taobao.org/mongoose/download/mongoose-4.0.3.tgz#719850305d8472cf4a917e37d27acbc26d4eb705"
  dependencies:
    async "0.9.0"
    bson "~0.3"
    hooks-fixed "1.0.1"
    kareem "1.0.1"
    mongodb "2.0.30"
    mpath "0.1.1"
    mpromise "0.5.4"
    mquery "1.5.1"
    ms "0.1.0"
    muri "1.0.0"
    regexp-clone "0.0.1"
    sliced "0.0.5"

mpath@0.1.1:
  version "0.1.1"
  resolved "http://registry.npm.taobao.org/mpath/download/mpath-0.1.1.tgz#23da852b7c232ee097f4759d29c0ee9cd22d5e46"

mpromise@0.5.4:
  version "0.5.4"
  resolved "http://registry.npm.taobao.org/mpromise/download/mpromise-0.5.4.tgz#b610613ec6de37419f944b35f0783b4de9f5dc75"

mquery@1.5.1:
  version "1.5.1"
  resolved "http://registry.npm.taobao.org/mquery/download/mquery-1.5.1.tgz#f60bbf8a1e0ec6ef3ff1f22123b8b03f83a91625"
  dependencies:
    bluebird "2.9.9"
    debug "0.7.4"
    regexp-clone "0.0.1"
    sliced "0.0.5"

ms@0.1.0:
  version "0.1.0"
  resolved "http://registry.npm.taobao.org/ms/download/ms-0.1.0.tgz#f21fac490daf1d7667fd180fe9077389cc9442b2"

muri@1.0.0:
  version "1.0.0"
  resolved "http://registry.npm.taobao.org/muri/download/muri-1.0.0.tgz#de3bf6bd71d67eae71d76689b950d2de118695c6"

nan@~2.0.9:
  version "2.0.9"
  resolved "http://registry.npm.taobao.org/nan/download/nan-2.0.9.tgz#d02a770f46778842cceb94e17cab31ffc7234a05"

nan@~2.4:
  version "2.4.0"
  resolved "http://registry.npm.taobao.org/nan/download/nan-2.4.0.tgz#fb3c59d45fe4effe215f0b890f8adf6eb32d2232"

readable-stream@1.0.31:
  version "1.0.31"
  resolved "http://registry.npm.taobao.org/readable-stream/download/readable-stream-1.0.31.tgz#8f2502e0bc9e3b0da1b94520aabb4e2603ecafae"
  dependencies:
    core-util-is "~1.0.0"
    inherits "~2.0.1"
    isarray "0.0.1"
    string_decoder "~0.10.x"

regexp-clone@0.0.1:
  version "0.0.1"
  resolved "http://registry.npm.taobao.org/regexp-clone/download/regexp-clone-0.0.1.tgz#a7c2e09891fdbf38fbb10d376fb73003e68ac589"

sliced@0.0.5:
  version "0.0.5"
  resolved "http://registry.npm.taobao.org/sliced/download/sliced-0.0.5.tgz#5edc044ca4eb6f7816d50ba2fc63e25d8fe4707f"

string_decoder@~0.10.x:
  version "0.10.31"
  resolved "http://registry.npm.taobao.org/string_decoder/download/string_decoder-0.10.31.tgz#62e203bc41766c6c28c9fc84301dab1c5310fa94"
